
Microsoft Visual Studio Solution File, Format Version 12.00
# Visual Studio Version 17
VisualStudioVersion = 17.1.32319.34
MinimumVisualStudioVersion = 10.0.40219.1
Project("{FAE04EC0-301F-11D3-BF4B-00C04F79EFBC}") = "EjercicioIntro3", "EjercicioIntro3\EjercicioIntro3.csproj", "{6471374B-7092-4A78-B896-62D76E6793B6}"
EndProject
Global
	GlobalSection(SolutionConfigurationPlatforms) = preSolution
		Debug|Any CPU = Debug|Any CPU
		Release|Any CPU = Release|Any CPU
	EndGlobalSection
	GlobalSection(ProjectConfigurationPlatforms) = postSolution
		{6471374B-7092-4A78-B896-62D76E6793B6}.Debug|Any CPU.ActiveCfg = Debug|Any CPU
		{6471374B-7092-4A78-B896-62D76E6793B6}.Debug|Any CPU.Build.0 = Debug|Any CPU
		{6471374B-7092-4A78-B896-62D76E6793B6}.Release|Any CPU.ActiveCfg = Release|Any CPU
		{6471374B-7092-4A78-B896-62D76E6793B6}.Release|Any CPU.Build.0 = Release|Any CPU
	EndGlobalSection
	GlobalSection(SolutionProperties) = preSolution
		HideSolutionNode = FALSE
	EndGlobalSection
	GlobalSection(ExtensibilityGlobals) = postSolution
		SolutionGuid = {7F087272-4421-41B8-94B1-B2FF4C3389BC}
	EndGlobalSection
EndGlobal
